
Microsoft Visual Studio Solution File, Format Version 12.00
# Visual Studio Version 17
VisualStudioVersion = 17.11.35303.130
MinimumVisualStudioVersion = 10.0.40219.1
Project("{9A19103F-16F7-4668-BE54-9A1E7A4F7556}") = "AspireBugDemo.Tests", "AspireBugDemo.Tests\AspireBugDemo.Tests.csproj", "{C3D4E5F6-0003-0003-0003-000000000001}"
EndProject
Global
	GlobalSection(SolutionConfigurationPlatforms) = preSolution
		Debug|Any CPU = Debug|Any CPU
		Release|Any CPU = Release|Any CPU
	EndGlobalSection
	GlobalSection(ProjectConfigurationPlatforms) = postSolution
		{C3D4E5F6-0003-0003-0003-000000000001}.Debug|Any CPU.ActiveCfg = Debug|Any CPU
		{C3D4E5F6-0003-0003-0003-000000000001}.Debug|Any CPU.Build.0 = Debug|Any CPU
		{C3D4E5F6-0003-0003-0003-000000000001}.Release|Any CPU.ActiveCfg = Release|Any CPU
		{C3D4E5F6-0003-0003-0003-000000000001}.Release|Any CPU.Build.0 = Release|Any CPU
	EndGlobalSection
	GlobalSection(SolutionProperties) = preSolution
		HideSolutionNode = FALSE
	EndGlobalSection
	GlobalSection(ExtensibilityGlobals) = preSolution
		SolutionGuid = {C3D4E5F6-0003-0003-0003-000000000000}
	EndGlobalSection
EndGlobal
